
Microsoft Visual Studio Solution File, Format Version 12.00
# Visual Studio Version 17
VisualStudioVersion = 17.13.35931.197 d17.13
MinimumVisualStudioVersion = 10.0.40219.1
Project("{FAE04EC0-301F-11D3-BF4B-00C04F79EFBC}") = "API", "API\API.csproj", "{58C20FE5-DCDE-482C-AF2C-AE1FBA9CA3CE}"
EndProject
Global
	GlobalSection(SolutionConfigurationPlatforms) = preSolution
		Debug|Any CPU = Debug|Any CPU
		Release|Any CPU = Release|Any CPU
	EndGlobalSection
	GlobalSection(ProjectConfigurationPlatforms) = postSolution
		{58C20FE5-DCDE-482C-AF2C-AE1FBA9CA3CE}.Debug|Any CPU.ActiveCfg = Debug|Any CPU
		{58C20FE5-DCDE-482C-AF2C-AE1FBA9CA3CE}.Debug|Any CPU.Build.0 = Debug|Any CPU
		{58C20FE5-DCDE-482C-AF2C-AE1FBA9CA3CE}.Release|Any CPU.ActiveCfg = Release|Any CPU
		{58C20FE5-DCDE-482C-AF2C-AE1FBA9CA3CE}.Release|Any CPU.Build.0 = Release|Any CPU
	EndGlobalSection
	GlobalSection(SolutionProperties) = preSolution
		HideSolutionNode = FALSE
	EndGlobalSection
	GlobalSection(ExtensibilityGlobals) = postSolution
		SolutionGuid = {5BC13BA2-B119-42CA-8082-78B41A5C8100}
	EndGlobalSection
EndGlobal
